
Microsoft Visual Studio Solution File, Format Version 12.00
# Visual Studio 14
VisualStudioVersion = 14.0.25420.1
MinimumVisualStudioVersion = 10.0.40219.1
Project("{FAE04EC0-301F-11D3-BF4B-00C04F79EFBC}") = "Сashier", "Сashier\Сashier.csproj", "{FC6AE141-A236-49CD-865D-D1A485E6E7B9}"
EndProject
Project("{FAE04EC0-301F-11D3-BF4B-00C04F79EFBC}") = "BusinessLogic", "BusinessLogic\BusinessLogic.csproj", "{32682D4A-37F2-461B-995D-C24531C27E72}"
EndProject
Global
	GlobalSection(SolutionConfigurationPlatforms) = preSolution
		Debug|Any CPU = Debug|Any CPU
		Release|Any CPU = Release|Any CPU
	EndGlobalSection
	GlobalSection(ProjectConfigurationPlatforms) = postSolution
		{FC6AE141-A236-49CD-865D-D1A485E6E7B9}.Debug|Any CPU.ActiveCfg = Debug|Any CPU
		{FC6AE141-A236-49CD-865D-D1A485E6E7B9}.Debug|Any CPU.Build.0 = Debug|Any CPU
		{FC6AE141-A236-49CD-865D-D1A485E6E7B9}.Release|Any CPU.ActiveCfg = Release|Any CPU
		{FC6AE141-A236-49CD-865D-D1A485E6E7B9}.Release|Any CPU.Build.0 = Release|Any CPU
		{32682D4A-37F2-461B-995D-C24531C27E72}.Debug|Any CPU.ActiveCfg = Debug|Any CPU
		{32682D4A-37F2-461B-995D-C24531C27E72}.Debug|Any CPU.Build.0 = Debug|Any CPU
		{32682D4A-37F2-461B-995D-C24531C27E72}.Release|Any CPU.ActiveCfg = Release|Any CPU
		{32682D4A-37F2-461B-995D-C24531C27E72}.Release|Any CPU.Build.0 = Release|Any CPU
	EndGlobalSection
	GlobalSection(SolutionProperties) = preSolution
		HideSolutionNode = FALSE
	EndGlobalSection
EndGlobal
